// !$*UTF8*$!
{
	archiveVersion = 1;
	classes = {
	};
	objectVersion = 46;
	objects = {

/* Begin PBXBuildFile section */
		208A361C1E38B82E00F3168B /* AppDelegate.swift in Sources */ = {isa = PBXBuildFile; fileRef = 208A361B1E38B82E00F3168B /* AppDelegate.swift */; };
		208A361E1E38B82E00F3168B /* FeedController.swift in Sources */ = {isa = PBXBuildFile; fileRef = 208A361D1E38B82E00F3168B /* FeedController.swift */; };
		208A36231E38B82E00F3168B /* Assets.xcassets in Resources */ = {isa = PBXBuildFile; fileRef = 208A36221E38B82E00F3168B /* Assets.xcassets */; };
		208A36261E38B82E00F3168B /* LaunchScreen.storyboard in Resources */ = {isa = PBXBuildFile; fileRef = 208A36241E38B82E00F3168B /* LaunchScreen.storyboard */; };
		208A362E1E39832200F3168B /* CustomTabBarController.swift in Sources */ = {isa = PBXBuildFile; fileRef = 208A362D1E39832200F3168B /* CustomTabBarController.swift */; };
		208A36301E39836300F3168B /* OtherControllers.swift in Sources */ = {isa = PBXBuildFile; fileRef = 208A362F1E39836300F3168B /* OtherControllers.swift */; };
		208A36321E3986A000F3168B /* single_post.json in Resources */ = {isa = PBXBuildFile; fileRef = 208A36311E3986A000F3168B /* single_post.json */; };
		208A36341E3986AB00F3168B /* all_posts.json in Resources */ = {isa = PBXBuildFile; fileRef = 208A36331E3986AB00F3168B /* all_posts.json */; };
/* End PBXBuildFile section */

/* Begin PBXFileReference section */
		208A36181E38B82E00F3168B /* Facebook.app */ = {isa = PBXFileReference; explicitFileType = wrapper.application; includeInIndex = 0; path = Facebook.app; sourceTree = BUILT_PRODUCTS_DIR; };
		208A361B1E38B82E00F3168B /* AppDelegate.swift */ = {isa = PBXFileReference; lastKnownFileType = sourcecode.swift; path = AppDelegate.swift; sourceTree = "<group>"; };
		208A361D1E38B82E00F3168B /* FeedController.swift */ = {isa = PBXFileReference; lastKnownFileType = sourcecode.swift; path = FeedController.swift; sourceTree = "<group>"; };
		208A36221E38B82E00F3168B /* Assets.xcassets */ = {isa = PBXFileReference; lastKnownFileType = folder.assetcatalog; path = Assets.xcassets; sourceTree = "<group>"; };
		208A36251E38B82E00F3168B /* Base */ = {isa = PBXFileReference; lastKnownFileType = file.storyboard; name = Base; path = Base.lproj/LaunchScreen.storyboard; sourceTree = "<group>"; };
		208A36271E38B82E00F3168B /* Info.plist */ = {isa = PBXFileReference; lastKnownFileType = text.plist.xml; path = Info.plist; sourceTree = "<group>"; };
		208A362D1E39832200F3168B /* CustomTabBarController.swift */ = {isa = PBXFileReference; fileEncoding = 4; lastKnownFileType = sourcecode.swift; name = CustomTabBarController.swift; path = ../CustomTabBarController.swift; sourceTree = "<group>"; };
		208A362F1E39836300F3168B /* OtherControllers.swift */ = {isa = PBXFileReference; fileEncoding = 4; lastKnownFileType = sourcecode.swift; path = OtherControllers.swift; sourceTree = "<group>"; };
		208A36311E3986A000F3168B /* single_post.json */ = {isa = PBXFileReference; fileEncoding = 4; lastKnownFileType = text.json; path = single_post.json; sourceTree = "<group>"; };
		208A36331E3986AB00F3168B /* all_posts.json */ = {isa = PBXFileReference; fileEncoding = 4; lastKnownFileType = text.json; path = all_posts.json; sourceTree = "<group>"; };
/* End PBXFileReference section */

/* Begin PBXFrameworksBuildPhase section */
		208A36151E38B82D00F3168B /* Frameworks */ = {
			isa = PBXFrameworksBuildPhase;
			buildActionMask = 2147483647;
			files = (
			);
			runOnlyForDeploymentPostprocessing = 0;
		};
/* End PBXFrameworksBuildPhase section */

/* Begin PBXGroup section */
		208A360F1E38B82D00F3168B = {
			isa = PBXGroup;
			children = (
				208A361A1E38B82E00F3168B /* Facebook */,
				208A36191E38B82E00F3168B /* Products */,
			);
			sourceTree = "<group>";
		};
		208A36191E38B82E00F3168B /* Products */ = {
			isa = PBXGroup;
			children = (
				208A36181E38B82E00F3168B /* Facebook.app */,
			);
			name = Products;
			sourceTree = "<group>";
		};
		208A361A1E38B82E00F3168B /* Facebook */ = {
			isa = PBXGroup;
			children = (
				208A361B1E38B82E00F3168B /* AppDelegate.swift */,
				208A361D1E38B82E00F3168B /* FeedController.swift */,
				208A36221E38B82E00F3168B /* Assets.xcassets */,
				208A36241E38B82E00F3168B /* LaunchScreen.storyboard */,
				208A36271E38B82E00F3168B /* Info.plist */,
				208A362D1E39832200F3168B /* CustomTabBarController.swift */,
				208A362F1E39836300F3168B /* OtherControllers.swift */,
				208A36311E3986A000F3168B /* single_post.json */,
				208A36331E3986AB00F3168B /* all_posts.json */,
			);
			path = Facebook;
			sourceTree = "<group>";
		};
/* End PBXGroup section */

/* Begin PBXNativeTarget section */
		208A36171E38B82D00F3168B /* Facebook */ = {
			isa = PBXNativeTarget;
			buildConfigurationList = 208A362A1E38B82E00F3168B /* Build configuration list for PBXNativeTarget "Facebook" */;
			buildPhases = (
				208A36141E38B82D00F3168B /* Sources */,
				208A36151E38B82D00F3168B /* Frameworks */,
				208A36161E38B82D00F3168B /* Resources */,
			);
			buildRules = (
			);
			dependencies = (
			);
			name = Facebook;
			productName = Facebook;
			productReference = 208A36181E38B82E00F3168B /* Facebook.app */;
			productType = "com.apple.product-type.application";
		};
/* End PBXNativeTarget section */

/* Begin PBXProject section */
		208A36101E38B82D00F3168B /* Project object */ = {
			isa = PBXProject;
			attributes = {
				LastSwiftUpdateCheck = 0820;
				LastUpgradeCheck = 0820;
				ORGANIZATIONNAME = "Rickey Hrabowskie";
				TargetAttributes = {
					208A36171E38B82D00F3168B = {
						CreatedOnToolsVersion = 8.2.1;
						DevelopmentTeam = XC48HTB69A;
						ProvisioningStyle = Automatic;
					};
				};
			};
			buildConfigurationList = 208A36131E38B82D00F3168B /* Build configuration list for PBXProject "Facebook" */;
			compatibilityVersion = "Xcode 3.2";
			developmentRegion = English;
			hasScannedForEncodings = 0;
			knownRegions = (
				en,
				Base,
			);
			mainGroup = 208A360F1E38B82D00F3168B;
			productRefGroup = 208A36191E38B82E00F3168B /* Products */;
			projectDirPath = "";
			projectRoot = "";
			targets = (
				208A36171E38B82D00F3168B /* Facebook */,
			);
		};
/* End PBXProject section */

/* Begin PBXResourcesBuildPhase section */
		208A36161E38B82D00F3168B /* Resources */ = {
			isa = PBXResourcesBuildPhase;
			buildActionMask = 2147483647;
			files = (
				208A36261E38B82E00F3168B /* LaunchScreen.storyboard in Resources */,
				208A36231E38B82E00F3168B /* Assets.xcassets in Resources */,
				208A36321E3986A000F3168B /* single_post.json in Resources */,
				208A36341E3986AB00F3168B /* all_posts.json in Resources */,
			);
			runOnlyForDeploymentPostprocessing = 0;
		};
/* End PBXResourcesBuildPhase section */

/* Begin PBXSourcesBuildPhase section */
		208A36141E38B82D00F3168B /* Sources */ = {
			isa = PBXSourcesBuildPhase;
			buildActionMask = 2147483647;
			files = (
				208A361E1E38B82E00F3168B /* FeedController.swift in Sources */,
				208A361C1E38B82E00F3168B /* AppDelegate.swift in Sources */,
				208A36301E39836300F3168B /* OtherControllers.swift in Sources */,
				208A362E1E39832200F3168B /* CustomTabBarController.swift in Sources */,
			);
			runOnlyForDeploymentPostprocessing = 0;
		};
/* End PBXSourcesBuildPhase section */

/* Begin PBXVariantGroup section */
		208A36241E38B82E00F3168B /* LaunchScreen.storyboard */ = {
			isa = PBXVariantGroup;
			children = (
				208A36251E38B82E00F3168B /* Base */,
			);
			name = LaunchScreen.storyboard;
			sourceTree = "<group>";
		};
/* End PBXVariantGroup section */

/* Begin XCBuildConfiguration section */
		208A36281E38B82E00F3168B /* Debug */ = {
			isa = XCBuildConfiguration;
			buildSettings = {
				ALWAYS_SEARCH_USER_PATHS = NO;
				CLANG_ANALYZER_NONNULL = YES;
				CLANG_CXX_LANGUAGE_STANDARD = "gnu++0x";
				CLANG_CXX_LIBRARY = "libc++";
				CLANG_ENABLE_MODULES = YES;
				CLANG_ENABLE_OBJC_ARC = YES;
				CLANG_WARN_BOOL_CONVERSION = YES;
				CLANG_WARN_CONSTANT_CONVERSION = YES;
				CLANG_WARN_DIRECT_OBJC_ISA_USAGE = YES_ERROR;
				CLANG_WARN_DOCUMENTATION_COMMENTS = YES;
				CLANG_WARN_EMPTY_BODY = YES;
				CLANG_WARN_ENUM_CONVERSION = YES;
				CLANG_WARN_INFINITE_RECURSION = YES;
				CLANG_WARN_INT_CONVERSION = YES;
				CLANG_WARN_OBJC_ROOT_CLASS = YES_ERROR;
				CLANG_WARN_SUSPICIOUS_MOVE = YES;
				CLANG_WARN_UNREACHABLE_CODE = YES;
				CLANG_WARN__DUPLICATE_METHOD_MATCH = YES;
				"CODE_SIGN_IDENTITY[sdk=iphoneos*]" = "iPhone Developer";
				COPY_PHASE_STRIP = NO;
				DEBUG_INFORMATION_FORMAT = dwarf;
				ENABLE_STRICT_OBJC_MSGSEND = YES;
				ENABLE_TESTABILITY = YES;
				GCC_C_LANGUAGE_STANDARD = gnu99;
				GCC_DYNAMIC_NO_PIC = NO;
				GCC_NO_COMMON_BLOCKS = YES;
				GCC_OPTIMIZATION_LEVEL = 0;
				GCC_PREPROCESSOR_DEFINITIONS = (
					"DEBUG=1",
					"$(inherited)",
				);
				GCC_WARN_64_TO_32_BIT_CONVERSION = YES;
				GCC_WARN_ABOUT_RETURN_TYPE = YES_ERROR;
				GCC_WARN_UNDECLARED_SELECTOR = YES;
				GCC_WARN_UNINITIALIZED_AUTOS = YES_AGGRESSIVE;
				GCC_WARN_UNUSED_FUNCTION = YES;
				GCC_WARN_UNUSED_VARIABLE = YES;
				IPHONEOS_DEPLOYMENT_TARGET = 10.2;
				MTL_ENABLE_DEBUG_INFO = YES;
				ONLY_ACTIVE_ARCH = YES;
				SDKROOT = iphoneos;
				SWIFT_ACTIVE_COMPILATION_CONDITIONS = DEBUG;
				SWIFT_OPTIMIZATION_LEVEL = "-Onone";
				TARGETED_DEVICE_FAMILY = "1,2";
			};
			name = Debug;
		};
		208A36291E38B82E00F3168B /* Release */ = {
			isa = XCBuildConfiguration;
			buildSettings = {
				ALWAYS_SEARCH_USER_PATHS = NO;
				CLANG_ANALYZER_NONNULL = YES;
				CLANG_CXX_LANGUAGE_STANDARD = "gnu++0x";
				CLANG_CXX_LIBRARY = "libc++";
				CLANG_ENABLE_MODULES = YES;
				CLANG_ENABLE_OBJC_ARC = YES;
				CLANG_WARN_BOOL_CONVERSION = YES;
				CLANG_WARN_CONSTANT_CONVERSION = YES;
				CLANG_WARN_DIRECT_OBJC_ISA_USAGE = YES_ERROR;
				CLANG_WARN_DOCUMENTATION_COMMENTS = YES;
				CLANG_WARN_EMPTY_BODY = YES;
				CLANG_WARN_ENUM_CONVERSION = YES;
				CLANG_WARN_INFINITE_RECURSION = YES;
				CLANG_WARN_INT_CONVERSION = YES;
				CLANG_WARN_OBJC_ROOT_CLASS = YES_ERROR;
				CLANG_WARN_SUSPICIOUS_MOVE = YES;
				CLANG_WARN_UNREACHABLE_CODE = YES;
				CLANG_WARN__DUPLICATE_METHOD_MATCH = YES;
				"CODE_SIGN_IDENTITY[sdk=iphoneos*]" = "iPhone Developer";
				COPY_PHASE_STRIP = NO;
				DEBUG_INFORMATION_FORMAT = "dwarf-with-dsym";
				ENABLE_NS_ASSERTIONS = NO;
				ENABLE_STRICT_OBJC_MSGSEND = YES;
				GCC_C_LANGUAGE_STANDARD = gnu99;
				GCC_NO_COMMON_BLOCKS = YES;
				GCC_WARN_64_TO_32_BIT_CONVERSION = YES;
				GCC_WARN_ABOUT_RETURN_TYPE = YES_ERROR;
				GCC_WARN_UNDECLARED_SELECTOR = YES;
				GCC_WARN_UNINITIALIZED_AUTOS = YES_AGGRESSIVE;
				GCC_WARN_UNUSED_FUNCTION = YES;
				GCC_WARN_UNUSED_VARIABLE = YES;
				IPHONEOS_DEPLOYMENT_TARGET = 10.2;
				MTL_ENABLE_DEBUG_INFO = NO;
				SDKROOT = iphoneos;
				SWIFT_OPTIMIZATION_LEVEL = "-Owholemodule";
				TARGETED_DEVICE_FAMILY = "1,2";
				VALIDATE_PRODUCT = YES;
			};
			name = Release;
		};
		208A362B1E38B82E00F3168B /* Debug */ = {
			isa = XCBuildConfiguration;
			buildSettings = {
				ASSETCATALOG_COMPILER_APPICON_NAME = AppIcon;
				DEVELOPMENT_TEAM = XC48HTB69A;
				INFOPLIST_FILE = Facebook/Info.plist;
				LD_RUNPATH_SEARCH_PATHS = "$(inherited) @executable_path/Frameworks";
				PRODUCT_BUNDLE_IDENTIFIER = com.rickeyHrabowskie.Facebook;
				PRODUCT_NAME = "$(TARGET_NAME)";
				SWIFT_VERSION = 3.0;
			};
			name = Debug;
		};
		208A362C1E38B82E00F3168B /* Release */ = {
			isa = XCBuildConfiguration;
			buildSettings = {
				ASSETCATALOG_COMPILER_APPICON_NAME = AppIcon;
				DEVELOPMENT_TEAM = XC48HTB69A;
				INFOPLIST_FILE = Facebook/Info.plist;
				LD_RUNPATH_SEARCH_PATHS = "$(inherited) @executable_path/Frameworks";
				PRODUCT_BUNDLE_IDENTIFIER = com.rickeyHrabowskie.Facebook;
				PRODUCT_NAME = "$(TARGET_NAME)";
				SWIFT_VERSION = 3.0;
			};
			name = Release;
		};
/* End XCBuildConfiguration section */

/* Begin XCConfigurationList section */
		208A36131E38B82D00F3168B /* Build configuration list for PBXProject "Facebook" */ = {
			isa = XCConfigurationList;
			buildConfigurations = (
				208A36281E38B82E00F3168B /* Debug */,
				208A36291E38B82E00F3168B /* Release */,
			);
			defaultConfigurationIsVisible = 0;
			defaultConfigurationName = Release;
		};
		208A362A1E38B82E00F3168B /* Build configuration list for PBXNativeTarget "Facebook" */ = {
			isa = XCConfigurationList;
			buildConfigurations = (
				208A362B1E38B82E00F3168B /* Debug */,
				208A362C1E38B82E00F3168B /* Release */,
			);
			defaultConfigurationIsVisible = 0;
		};
/* End XCConfigurationList section */
	};
	rootObject = 208A36101E38B82D00F3168B /* Project object */;
}
